
Microsoft Visual Studio Solution File, Format Version 12.00
# Visual Studio Version 16
VisualStudioVersion = 16.0.29230.47
MinimumVisualStudioVersion = 10.0.40219.1
Project("{8BC9CEB8-8B4A-11D0-8D11-00A0C91BC942}") = "tcu_app", "tcu_app.vcxproj", "{0D298476-10D3-42E3-9B97-75B08D033D66}"
EndProject
Global
	GlobalSection(SolutionConfigurationPlatforms) = preSolution
		Debug|x64 = Debug|x64
		Debug|x86 = Debug|x86
		Release|x64 = Release|x64
		Release|x86 = Release|x86
	EndGlobalSection
	GlobalSection(ProjectConfigurationPlatforms) = postSolution
		{0D298476-10D3-42E3-9B97-75B08D033D66}.Debug|x64.ActiveCfg = Debug|x64
		{0D298476-10D3-42E3-9B97-75B08D033D66}.Debug|x64.Build.0 = Debug|x64
		{0D298476-10D3-42E3-9B97-75B08D033D66}.Debug|x86.ActiveCfg = Debug|Win32
		{0D298476-10D3-42E3-9B97-75B08D033D66}.Debug|x86.Build.0 = Debug|Win32
		{0D298476-10D3-42E3-9B97-75B08D033D66}.Release|x64.ActiveCfg = Release|x64
		{0D298476-10D3-42E3-9B97-75B08D033D66}.Release|x64.Build.0 = Release|x64
		{0D298476-10D3-42E3-9B97-75B08D033D66}.Release|x86.ActiveCfg = Release|Win32
		{0D298476-10D3-42E3-9B97-75B08D033D66}.Release|x86.Build.0 = Release|Win32
	EndGlobalSection
	GlobalSection(SolutionProperties) = preSolution
		HideSolutionNode = FALSE
	EndGlobalSection
	GlobalSection(ExtensibilityGlobals) = postSolution
		VisualSVNWorkingCopyRoot = .
		SolutionGuid = {DF879A02-D15C-4040-A9A0-C2F5A87541DD}
	EndGlobalSection
EndGlobal
